// !$*UTF8*$!
{
	archiveVersion = 1;
	classes = {
	};
	objectVersion = 50;
	objects = {

/* Begin PBXBuildFile section */
		5A477811235D6AA5006CC27E /* AppDelegate.swift in Sources */ = {isa = PBXBuildFile; fileRef = 5A477810235D6AA5006CC27E /* AppDelegate.swift */; };
		5A477816235D6AA5006CC27E /* Main.storyboard in Resources */ = {isa = PBXBuildFile; fileRef = 5A477814235D6AA5006CC27E /* Main.storyboard */; };
		5A477818235D6AA6006CC27E /* Assets.xcassets in Resources */ = {isa = PBXBuildFile; fileRef = 5A477817235D6AA6006CC27E /* Assets.xcassets */; };
		5A47781B235D6AA6006CC27E /* LaunchScreen.storyboard in Resources */ = {isa = PBXBuildFile; fileRef = 5A477819235D6AA6006CC27E /* LaunchScreen.storyboard */; };
		5A477823235D6C53006CC27E /* ZodiacTableViewController.swift in Sources */ = {isa = PBXBuildFile; fileRef = 5A477822235D6C53006CC27E /* ZodiacTableViewController.swift */; };
		5A477825235D6C8B006CC27E /* ZodiacTableViewCell.swift in Sources */ = {isa = PBXBuildFile; fileRef = 5A477824235D6C8B006CC27E /* ZodiacTableViewCell.swift */; };
		5A47782A235D83FC006CC27E /* ZodiacDetailViewController.swift in Sources */ = {isa = PBXBuildFile; fileRef = 5A477829235D83FC006CC27E /* ZodiacDetailViewController.swift */; };
/* End PBXBuildFile section */

/* Begin PBXFileReference section */
		5A47780D235D6AA5006CC27E /* ChineseZodiac.app */ = {isa = PBXFileReference; explicitFileType = wrapper.application; includeInIndex = 0; path = ChineseZodiac.app; sourceTree = BUILT_PRODUCTS_DIR; };
		5A477810235D6AA5006CC27E /* AppDelegate.swift */ = {isa = PBXFileReference; lastKnownFileType = sourcecode.swift; path = AppDelegate.swift; sourceTree = "<group>"; };
		5A477815235D6AA5006CC27E /* Base */ = {isa = PBXFileReference; lastKnownFileType = file.storyboard; name = Base; path = Base.lproj/Main.storyboard; sourceTree = "<group>"; };
		5A477817235D6AA6006CC27E /* Assets.xcassets */ = {isa = PBXFileReference; lastKnownFileType = folder.assetcatalog; path = Assets.xcassets; sourceTree = "<group>"; };
		5A47781A235D6AA6006CC27E /* Base */ = {isa = PBXFileReference; lastKnownFileType = file.storyboard; name = Base; path = Base.lproj/LaunchScreen.storyboard; sourceTree = "<group>"; };
		5A47781C235D6AA6006CC27E /* Info.plist */ = {isa = PBXFileReference; lastKnownFileType = text.plist.xml; path = Info.plist; sourceTree = "<group>"; };
		5A477822235D6C53006CC27E /* ZodiacTableViewController.swift */ = {isa = PBXFileReference; lastKnownFileType = sourcecode.swift; path = ZodiacTableViewController.swift; sourceTree = "<group>"; };
		5A477824235D6C8B006CC27E /* ZodiacTableViewCell.swift */ = {isa = PBXFileReference; lastKnownFileType = sourcecode.swift; path = ZodiacTableViewCell.swift; sourceTree = "<group>"; };
		5A477829235D83FC006CC27E /* ZodiacDetailViewController.swift */ = {isa = PBXFileReference; lastKnownFileType = sourcecode.swift; path = ZodiacDetailViewController.swift; sourceTree = "<group>"; };
/* End PBXFileReference section */

/* Begin PBXFrameworksBuildPhase section */
		5A47780A235D6AA5006CC27E /* Frameworks */ = {
			isa = PBXFrameworksBuildPhase;
			buildActionMask = 2147483647;
			files = (
			);
			runOnlyForDeploymentPostprocessing = 0;
		};
/* End PBXFrameworksBuildPhase section */

/* Begin PBXGroup section */
		5A477804235D6AA5006CC27E = {
			isa = PBXGroup;
			children = (
				5A47780F235D6AA5006CC27E /* ChineseZodiac */,
				5A47780E235D6AA5006CC27E /* Products */,
			);
			sourceTree = "<group>";
		};
		5A47780E235D6AA5006CC27E /* Products */ = {
			isa = PBXGroup;
			children = (
				5A47780D235D6AA5006CC27E /* ChineseZodiac.app */,
			);
			name = Products;
			sourceTree = "<group>";
		};
		5A47780F235D6AA5006CC27E /* ChineseZodiac */ = {
			isa = PBXGroup;
			children = (
				5A477810235D6AA5006CC27E /* AppDelegate.swift */,
				5A477814235D6AA5006CC27E /* Main.storyboard */,
				5A477817235D6AA6006CC27E /* Assets.xcassets */,
				5A477819235D6AA6006CC27E /* LaunchScreen.storyboard */,
				5A47781C235D6AA6006CC27E /* Info.plist */,
				5A477822235D6C53006CC27E /* ZodiacTableViewController.swift */,
				5A477824235D6C8B006CC27E /* ZodiacTableViewCell.swift */,
				5A477829235D83FC006CC27E /* ZodiacDetailViewController.swift */,
			);
			path = ChineseZodiac;
			sourceTree = "<group>";
		};
/* End PBXGroup section */

/* Begin PBXNativeTarget section */
		5A47780C235D6AA5006CC27E /* ChineseZodiac */ = {
			isa = PBXNativeTarget;
			buildConfigurationList = 5A47781F235D6AA6006CC27E /* Build configuration list for PBXNativeTarget "ChineseZodiac" */;
			buildPhases = (
				5A477809235D6AA5006CC27E /* Sources */,
				5A47780A235D6AA5006CC27E /* Frameworks */,
				5A47780B235D6AA5006CC27E /* Resources */,
			);
			buildRules = (
			);
			dependencies = (
			);
			name = ChineseZodiac;
			productName = ChineseZodiac;
			productReference = 5A47780D235D6AA5006CC27E /* ChineseZodiac.app */;
			productType = "com.apple.product-type.application";
		};
/* End PBXNativeTarget section */

/* Begin PBXProject section */
		5A477805235D6AA5006CC27E /* Project object */ = {
			isa = PBXProject;
			attributes = {
				LastSwiftUpdateCheck = 1030;
				LastUpgradeCheck = 1030;
				ORGANIZATIONNAME = "Yunyan Shi";
				TargetAttributes = {
					5A47780C235D6AA5006CC27E = {
						CreatedOnToolsVersion = 10.3;
					};
				};
			};
			buildConfigurationList = 5A477808235D6AA5006CC27E /* Build configuration list for PBXProject "ChineseZodiac" */;
			compatibilityVersion = "Xcode 9.3";
			developmentRegion = en;
			hasScannedForEncodings = 0;
			knownRegions = (
				en,
				Base,
			);
			mainGroup = 5A477804235D6AA5006CC27E;
			productRefGroup = 5A47780E235D6AA5006CC27E /* Products */;
			projectDirPath = "";
			projectRoot = "";
			targets = (
				5A47780C235D6AA5006CC27E /* ChineseZodiac */,
			);
		};
/* End PBXProject section */

/* Begin PBXResourcesBuildPhase section */
		5A47780B235D6AA5006CC27E /* Resources */ = {
			isa = PBXResourcesBuildPhase;
			buildActionMask = 2147483647;
			files = (
				5A47781B235D6AA6006CC27E /* LaunchScreen.storyboard in Resources */,
				5A477818235D6AA6006CC27E /* Assets.xcassets in Resources */,
				5A477816235D6AA5006CC27E /* Main.storyboard in Resources */,
			);
			runOnlyForDeploymentPostprocessing = 0;
		};
/* End PBXResourcesBuildPhase section */

/* Begin PBXSourcesBuildPhase section */
		5A477809235D6AA5006CC27E /* Sources */ = {
			isa = PBXSourcesBuildPhase;
			buildActionMask = 2147483647;
			files = (
				5A477811235D6AA5006CC27E /* AppDelegate.swift in Sources */,
				5A477825235D6C8B006CC27E /* ZodiacTableViewCell.swift in Sources */,
				5A47782A235D83FC006CC27E /* ZodiacDetailViewController.swift in Sources */,
				5A477823235D6C53006CC27E /* ZodiacTableViewController.swift in Sources */,
			);
			runOnlyForDeploymentPostprocessing = 0;
		};
/* End PBXSourcesBuildPhase section */

/* Begin PBXVariantGroup section */
		5A477814235D6AA5006CC27E /* Main.storyboard */ = {
			isa = PBXVariantGroup;
			children = (
				5A477815235D6AA5006CC27E /* Base */,
			);
			name = Main.storyboard;
			sourceTree = "<group>";
		};
		5A477819235D6AA6006CC27E /* LaunchScreen.storyboard */ = {
			isa = PBXVariantGroup;
			children = (
				5A47781A235D6AA6006CC27E /* Base */,
			);
			name = LaunchScreen.storyboard;
			sourceTree = "<group>";
		};
/* End PBXVariantGroup section */

/* Begin XCBuildConfiguration section */
		5A47781D235D6AA6006CC27E /* Debug */ = {
			isa = XCBuildConfiguration;
			buildSettings = {
				ALWAYS_SEARCH_USER_PATHS = NO;
				CLANG_ANALYZER_NONNULL = YES;
				CLANG_ANALYZER_NUMBER_OBJECT_CONVERSION = YES_AGGRESSIVE;
				CLANG_CXX_LANGUAGE_STANDARD = "gnu++14";
				CLANG_CXX_LIBRARY = "libc++";
				CLANG_ENABLE_MODULES = YES;
				CLANG_ENABLE_OBJC_ARC = YES;
				CLANG_ENABLE_OBJC_WEAK = YES;
				CLANG_WARN_BLOCK_CAPTURE_AUTORELEASING = YES;
				CLANG_WARN_BOOL_CONVERSION = YES;
				CLANG_WARN_COMMA = YES;
				CLANG_WARN_CONSTANT_CONVERSION = YES;
				CLANG_WARN_DEPRECATED_OBJC_IMPLEMENTATIONS = YES;
				CLANG_WARN_DIRECT_OBJC_ISA_USAGE = YES_ERROR;
				CLANG_WARN_DOCUMENTATION_COMMENTS = YES;
				CLANG_WARN_EMPTY_BODY = YES;
				CLANG_WARN_ENUM_CONVERSION = YES;
				CLANG_WARN_INFINITE_RECURSION = YES;
				CLANG_WARN_INT_CONVERSION = YES;
				CLANG_WARN_NON_LITERAL_NULL_CONVERSION = YES;
				CLANG_WARN_OBJC_IMPLICIT_RETAIN_SELF = YES;
				CLANG_WARN_OBJC_LITERAL_CONVERSION = YES;
				CLANG_WARN_OBJC_ROOT_CLASS = YES_ERROR;
				CLANG_WARN_RANGE_LOOP_ANALYSIS = YES;
				CLANG_WARN_STRICT_PROTOTYPES = YES;
				CLANG_WARN_SUSPICIOUS_MOVE = YES;
				CLANG_WARN_UNGUARDED_AVAILABILITY = YES_AGGRESSIVE;
				CLANG_WARN_UNREACHABLE_CODE = YES;
				CLANG_WARN__DUPLICATE_METHOD_MATCH = YES;
				CODE_SIGN_IDENTITY = "iPhone Developer";
				COPY_PHASE_STRIP = NO;
				DEBUG_INFORMATION_FORMAT = dwarf;
				ENABLE_STRICT_OBJC_MSGSEND = YES;
				ENABLE_TESTABILITY = YES;
				GCC_C_LANGUAGE_STANDARD = gnu11;
				GCC_DYNAMIC_NO_PIC = NO;
				GCC_NO_COMMON_BLOCKS = YES;
				GCC_OPTIMIZATION_LEVEL = 0;
				GCC_PREPROCESSOR_DEFINITIONS = (
					"DEBUG=1",
					"$(inherited)",
				);
				GCC_WARN_64_TO_32_BIT_CONVERSION = YES;
				GCC_WARN_ABOUT_RETURN_TYPE = YES_ERROR;
				GCC_WARN_UNDECLARED_SELECTOR = YES;
				GCC_WARN_UNINITIALIZED_AUTOS = YES_AGGRESSIVE;
				GCC_WARN_UNUSED_FUNCTION = YES;
				GCC_WARN_UNUSED_VARIABLE = YES;
				IPHONEOS_DEPLOYMENT_TARGET = 12.4;
				MTL_ENABLE_DEBUG_INFO = INCLUDE_SOURCE;
				MTL_FAST_MATH = YES;
				ONLY_ACTIVE_ARCH = YES;
				SDKROOT = iphoneos;
				SWIFT_ACTIVE_COMPILATION_CONDITIONS = DEBUG;
				SWIFT_OPTIMIZATION_LEVEL = "-Onone";
			};
			name = Debug;
		};
		5A47781E235D6AA6006CC27E /* Release */ = {
			isa = XCBuildConfiguration;
			buildSettings = {
				ALWAYS_SEARCH_USER_PATHS = NO;
				CLANG_ANALYZER_NONNULL = YES;
				CLANG_ANALYZER_NUMBER_OBJECT_CONVERSION = YES_AGGRESSIVE;
				CLANG_CXX_LANGUAGE_STANDARD = "gnu++14";
				CLANG_CXX_LIBRARY = "libc++";
				CLANG_ENABLE_MODULES = YES;
				CLANG_ENABLE_OBJC_ARC = YES;
				CLANG_ENABLE_OBJC_WEAK = YES;
				CLANG_WARN_BLOCK_CAPTURE_AUTORELEASING = YES;
				CLANG_WARN_BOOL_CONVERSION = YES;
				CLANG_WARN_COMMA = YES;
				CLANG_WARN_CONSTANT_CONVERSION = YES;
				CLANG_WARN_DEPRECATED_OBJC_IMPLEMENTATIONS = YES;
				CLANG_WARN_DIRECT_OBJC_ISA_USAGE = YES_ERROR;
				CLANG_WARN_DOCUMENTATION_COMMENTS = YES;
				CLANG_WARN_EMPTY_BODY = YES;
				CLANG_WARN_ENUM_CONVERSION = YES;
				CLANG_WARN_INFINITE_RECURSION = YES;
				CLANG_WARN_INT_CONVERSION = YES;
				CLANG_WARN_NON_LITERAL_NULL_CONVERSION = YES;
				CLANG_WARN_OBJC_IMPLICIT_RETAIN_SELF = YES;
				CLANG_WARN_OBJC_LITERAL_CONVERSION = YES;
				CLANG_WARN_OBJC_ROOT_CLASS = YES_ERROR;
				CLANG_WARN_RANGE_LOOP_ANALYSIS = YES;
				CLANG_WARN_STRICT_PROTOTYPES = YES;
				CLANG_WARN_SUSPICIOUS_MOVE = YES;
				CLANG_WARN_UNGUARDED_AVAILABILITY = YES_AGGRESSIVE;
				CLANG_WARN_UNREACHABLE_CODE = YES;
				CLANG_WARN__DUPLICATE_METHOD_MATCH = YES;
				CODE_SIGN_IDENTITY = "iPhone Developer";
				COPY_PHASE_STRIP = NO;
				DEBUG_INFORMATION_FORMAT = "dwarf-with-dsym";
				ENABLE_NS_ASSERTIONS = NO;
				ENABLE_STRICT_OBJC_MSGSEND = YES;
				GCC_C_LANGUAGE_STANDARD = gnu11;
				GCC_NO_COMMON_BLOCKS = YES;
				GCC_WARN_64_TO_32_BIT_CONVERSION = YES;
				GCC_WARN_ABOUT_RETURN_TYPE = YES_ERROR;
				GCC_WARN_UNDECLARED_SELECTOR = YES;
				GCC_WARN_UNINITIALIZED_AUTOS = YES_AGGRESSIVE;
				GCC_WARN_UNUSED_FUNCTION = YES;
				GCC_WARN_UNUSED_VARIABLE = YES;
				IPHONEOS_DEPLOYMENT_TARGET = 12.4;
				MTL_ENABLE_DEBUG_INFO = NO;
				MTL_FAST_MATH = YES;
				SDKROOT = iphoneos;
				SWIFT_COMPILATION_MODE = wholemodule;
				SWIFT_OPTIMIZATION_LEVEL = "-O";
				VALIDATE_PRODUCT = YES;
			};
			name = Release;
		};
		5A477820235D6AA6006CC27E /* Debug */ = {
			isa = XCBuildConfiguration;
			buildSettings = {
				ASSETCATALOG_COMPILER_APPICON_NAME = AppIcon;
				CODE_SIGN_STYLE = Automatic;
				DEVELOPMENT_TEAM = 67328MU42W;
				INFOPLIST_FILE = ChineseZodiac/Info.plist;
				LD_RUNPATH_SEARCH_PATHS = (
					"$(inherited)",
					"@executable_path/Frameworks",
				);
				PRODUCT_BUNDLE_IDENTIFIER = com.yunyanshi.ChineseZodiac;
				PRODUCT_NAME = "$(TARGET_NAME)";
				SWIFT_VERSION = 5.0;
				TARGETED_DEVICE_FAMILY = "1,2";
			};
			name = Debug;
		};
		5A477821235D6AA6006CC27E /* Release */ = {
			isa = XCBuildConfiguration;
			buildSettings = {
				ASSETCATALOG_COMPILER_APPICON_NAME = AppIcon;
				CODE_SIGN_STYLE = Automatic;
				DEVELOPMENT_TEAM = 67328MU42W;
				INFOPLIST_FILE = ChineseZodiac/Info.plist;
				LD_RUNPATH_SEARCH_PATHS = (
					"$(inherited)",
					"@executable_path/Frameworks",
				);
				PRODUCT_BUNDLE_IDENTIFIER = com.yunyanshi.ChineseZodiac;
				PRODUCT_NAME = "$(TARGET_NAME)";
				SWIFT_VERSION = 5.0;
				TARGETED_DEVICE_FAMILY = "1,2";
			};
			name = Release;
		};
/* End XCBuildConfiguration section */

/* Begin XCConfigurationList section */
		5A477808235D6AA5006CC27E /* Build configuration list for PBXProject "ChineseZodiac" */ = {
			isa = XCConfigurationList;
			buildConfigurations = (
				5A47781D235D6AA6006CC27E /* Debug */,
				5A47781E235D6AA6006CC27E /* Release */,
			);
			defaultConfigurationIsVisible = 0;
			defaultConfigurationName = Release;
		};
		5A47781F235D6AA6006CC27E /* Build configuration list for PBXNativeTarget "ChineseZodiac" */ = {
			isa = XCConfigurationList;
			buildConfigurations = (
				5A477820235D6AA6006CC27E /* Debug */,
				5A477821235D6AA6006CC27E /* Release */,
			);
			defaultConfigurationIsVisible = 0;
			defaultConfigurationName = Release;
		};
/* End XCConfigurationList section */
	};
	rootObject = 5A477805235D6AA5006CC27E /* Project object */;
}
